
Microsoft Visual Studio Solution File, Format Version 12.00
# Visual Studio Version 17
VisualStudioVersion = 17.9.34728.123
MinimumVisualStudioVersion = 10.0.40219.1
Project("{FAE04EC0-301F-11D3-BF4B-00C04F79EFBC}") = "used_cars_arpas", "used_cars_arpas\used_cars_arpas.csproj", "{CE10388B-9B9F-4C35-9C5E-5BEECB05F382}"
EndProject
Global
	GlobalSection(SolutionConfigurationPlatforms) = preSolution
		Debug|Any CPU = Debug|Any CPU
		Release|Any CPU = Release|Any CPU
	EndGlobalSection
	GlobalSection(ProjectConfigurationPlatforms) = postSolution
		{CE10388B-9B9F-4C35-9C5E-5BEECB05F382}.Debug|Any CPU.ActiveCfg = Debug|Any CPU
		{CE10388B-9B9F-4C35-9C5E-5BEECB05F382}.Debug|Any CPU.Build.0 = Debug|Any CPU
		{CE10388B-9B9F-4C35-9C5E-5BEECB05F382}.Release|Any CPU.ActiveCfg = Release|Any CPU
		{CE10388B-9B9F-4C35-9C5E-5BEECB05F382}.Release|Any CPU.Build.0 = Release|Any CPU
	EndGlobalSection
	GlobalSection(SolutionProperties) = preSolution
		HideSolutionNode = FALSE
	EndGlobalSection
	GlobalSection(ExtensibilityGlobals) = postSolution
		SolutionGuid = {821A8DB7-C859-4961-BFDF-0D893DCFF6CC}
	EndGlobalSection
EndGlobal
